// !$*UTF8*$!
{
	archiveVersion = 1;
	classes = {
	};
	objectVersion = 46;
	objects = {

/* Begin PBXBuildFile section */
		1125BCBA1DC065A700B4687B /* clipBoardIcon.png in Resources */ = {isa = PBXBuildFile; fileRef = 1125BCB71DC065A700B4687B /* clipBoardIcon.png */; };
		1125BCBB1DC065A700B4687B /* editIcon.png in Resources */ = {isa = PBXBuildFile; fileRef = 1125BCB81DC065A700B4687B /* editIcon.png */; };
		1125BCBC1DC065A700B4687B /* analyzeIcon.png in Resources */ = {isa = PBXBuildFile; fileRef = 1125BCB91DC065A700B4687B /* analyzeIcon.png */; };
		11A0712B1DBEBCC000BEDFE2 /* AppDelegate.swift in Sources */ = {isa = PBXBuildFile; fileRef = 11A0712A1DBEBCC000BEDFE2 /* AppDelegate.swift */; };
		11A0712D1DBEBCC000BEDFE2 /* ViewController.swift in Sources */ = {isa = PBXBuildFile; fileRef = 11A0712C1DBEBCC000BEDFE2 /* ViewController.swift */; };
		11A071301DBEBCC000BEDFE2 /* Main.storyboard in Resources */ = {isa = PBXBuildFile; fileRef = 11A0712E1DBEBCC000BEDFE2 /* Main.storyboard */; };
		11A071321DBEBCC000BEDFE2 /* Assets.xcassets in Resources */ = {isa = PBXBuildFile; fileRef = 11A071311DBEBCC000BEDFE2 /* Assets.xcassets */; };
		11A071351DBEBCC000BEDFE2 /* LaunchScreen.storyboard in Resources */ = {isa = PBXBuildFile; fileRef = 11A071331DBEBCC000BEDFE2 /* LaunchScreen.storyboard */; };
		11A0713D1DBEC02E00BEDFE2 /* ListStudiesTableViewController.swift in Sources */ = {isa = PBXBuildFile; fileRef = 11A0713C1DBEC02E00BEDFE2 /* ListStudiesTableViewController.swift */; };
		11A0713F1DBEC60800BEDFE2 /* AllStudiesTableViewCell.swift in Sources */ = {isa = PBXBuildFile; fileRef = 11A0713E1DBEC60800BEDFE2 /* AllStudiesTableViewCell.swift */; };
		11A071411DBEC74F00BEDFE2 /* Study.swift in Sources */ = {isa = PBXBuildFile; fileRef = 11A071401DBEC74F00BEDFE2 /* Study.swift */; };
		11A071431DBED5C900BEDFE2 /* myStudiesTableViewCell.swift in Sources */ = {isa = PBXBuildFile; fileRef = 11A071421DBED5C900BEDFE2 /* myStudiesTableViewCell.swift */; };
		11A071451DBED6B700BEDFE2 /* myStudiesTableViewController.swift in Sources */ = {isa = PBXBuildFile; fileRef = 11A071441DBED6B700BEDFE2 /* myStudiesTableViewController.swift */; };
		37486E861DCD26B000832935 /* TermsConditionsBuilder.swift in Sources */ = {isa = PBXBuildFile; fileRef = 37486E851DCD26B000832935 /* TermsConditionsBuilder.swift */; };
		376114DB1DC191EF00493C51 /* ResearchKit.framework in Frameworks */ = {isa = PBXBuildFile; fileRef = 376114D81DC191C600493C51 /* ResearchKit.framework */; };
		376114DC1DC191EF00493C51 /* ResearchKit.framework in Embed Frameworks */ = {isa = PBXBuildFile; fileRef = 376114D81DC191C600493C51 /* ResearchKit.framework */; settings = {ATTRIBUTES = (CodeSignOnCopy, RemoveHeadersOnCopy, ); }; };
/* End PBXBuildFile section */

/* Begin PBXContainerItemProxy section */
		376114D71DC191C600493C51 /* PBXContainerItemProxy */ = {
			isa = PBXContainerItemProxy;
			containerPortal = 376114D11DC191C600493C51 /* ResearchKit.xcodeproj */;
			proxyType = 2;
			remoteGlobalIDString = B183A5951A8535D100C76870;
			remoteInfo = ResearchKit;
		};
		376114D91DC191C600493C51 /* PBXContainerItemProxy */ = {
			isa = PBXContainerItemProxy;
			containerPortal = 376114D11DC191C600493C51 /* ResearchKit.xcodeproj */;
			proxyType = 2;
			remoteGlobalIDString = 86CC8E9A1AC09332001CCD89;
			remoteInfo = ResearchKitTests;
		};
		376114DD1DC191EF00493C51 /* PBXContainerItemProxy */ = {
			isa = PBXContainerItemProxy;
			containerPortal = 376114D11DC191C600493C51 /* ResearchKit.xcodeproj */;
			proxyType = 1;
			remoteGlobalIDString = B183A4731A8535D100C76870;
			remoteInfo = ResearchKit;
		};
/* End PBXContainerItemProxy section */

/* Begin PBXCopyFilesBuildPhase section */
		376114DF1DC191EF00493C51 /* Embed Frameworks */ = {
			isa = PBXCopyFilesBuildPhase;
			buildActionMask = 2147483647;
			dstPath = "";
			dstSubfolderSpec = 10;
			files = (
				376114DC1DC191EF00493C51 /* ResearchKit.framework in Embed Frameworks */,
			);
			name = "Embed Frameworks";
			runOnlyForDeploymentPostprocessing = 0;
		};
/* End PBXCopyFilesBuildPhase section */

/* Begin PBXFileReference section */
		1125BCB71DC065A700B4687B /* clipBoardIcon.png */ = {isa = PBXFileReference; lastKnownFileType = image.png; path = clipBoardIcon.png; sourceTree = "<group>"; };
		1125BCB81DC065A700B4687B /* editIcon.png */ = {isa = PBXFileReference; lastKnownFileType = image.png; path = editIcon.png; sourceTree = "<group>"; };
		1125BCB91DC065A700B4687B /* analyzeIcon.png */ = {isa = PBXFileReference; lastKnownFileType = image.png; path = analyzeIcon.png; sourceTree = "<group>"; };
		11A071271DBEBCC000BEDFE2 /* Proj Insight.app */ = {isa = PBXFileReference; explicitFileType = wrapper.application; includeInIndex = 0; path = "Proj Insight.app"; sourceTree = BUILT_PRODUCTS_DIR; };
		11A0712A1DBEBCC000BEDFE2 /* AppDelegate.swift */ = {isa = PBXFileReference; lastKnownFileType = sourcecode.swift; path = AppDelegate.swift; sourceTree = "<group>"; };
		11A0712C1DBEBCC000BEDFE2 /* ViewController.swift */ = {isa = PBXFileReference; lastKnownFileType = sourcecode.swift; path = ViewController.swift; sourceTree = "<group>"; };
		11A0712F1DBEBCC000BEDFE2 /* Base */ = {isa = PBXFileReference; lastKnownFileType = file.storyboard; name = Base; path = Base.lproj/Main.storyboard; sourceTree = "<group>"; };
		11A071311DBEBCC000BEDFE2 /* Assets.xcassets */ = {isa = PBXFileReference; lastKnownFileType = folder.assetcatalog; path = Assets.xcassets; sourceTree = "<group>"; };
		11A071341DBEBCC000BEDFE2 /* Base */ = {isa = PBXFileReference; lastKnownFileType = file.storyboard; name = Base; path = Base.lproj/LaunchScreen.storyboard; sourceTree = "<group>"; };
		11A071361DBEBCC000BEDFE2 /* Info.plist */ = {isa = PBXFileReference; lastKnownFileType = text.plist.xml; path = Info.plist; sourceTree = "<group>"; };
		11A0713C1DBEC02E00BEDFE2 /* ListStudiesTableViewController.swift */ = {isa = PBXFileReference; fileEncoding = 4; lastKnownFileType = sourcecode.swift; path = ListStudiesTableViewController.swift; sourceTree = "<group>"; };
		11A0713E1DBEC60800BEDFE2 /* AllStudiesTableViewCell.swift */ = {isa = PBXFileReference; fileEncoding = 4; lastKnownFileType = sourcecode.swift; path = AllStudiesTableViewCell.swift; sourceTree = "<group>"; };
		11A071401DBEC74F00BEDFE2 /* Study.swift */ = {isa = PBXFileReference; fileEncoding = 4; lastKnownFileType = sourcecode.swift; path = Study.swift; sourceTree = "<group>"; };
		11A071421DBED5C900BEDFE2 /* myStudiesTableViewCell.swift */ = {isa = PBXFileReference; fileEncoding = 4; lastKnownFileType = sourcecode.swift; path = myStudiesTableViewCell.swift; sourceTree = "<group>"; };
		11A071441DBED6B700BEDFE2 /* myStudiesTableViewController.swift */ = {isa = PBXFileReference; fileEncoding = 4; lastKnownFileType = sourcecode.swift; path = myStudiesTableViewController.swift; sourceTree = "<group>"; };
		37486E851DCD26B000832935 /* TermsConditionsBuilder.swift */ = {isa = PBXFileReference; fileEncoding = 4; lastKnownFileType = sourcecode.swift; name = TermsConditionsBuilder.swift; path = ../TermsConditionsBuilder.swift; sourceTree = "<group>"; };
		376114D11DC191C600493C51 /* ResearchKit.xcodeproj */ = {isa = PBXFileReference; lastKnownFileType = "wrapper.pb-project"; name = ResearchKit.xcodeproj; path = "ResearchKit-master/ResearchKit.xcodeproj"; sourceTree = SOURCE_ROOT; };
/* End PBXFileReference section */

/* Begin PBXFrameworksBuildPhase section */
		11A071241DBEBCC000BEDFE2 /* Frameworks */ = {
			isa = PBXFrameworksBuildPhase;
			buildActionMask = 2147483647;
			files = (
				376114DB1DC191EF00493C51 /* ResearchKit.framework in Frameworks */,
			);
			runOnlyForDeploymentPostprocessing = 0;
		};
/* End PBXFrameworksBuildPhase section */

/* Begin PBXGroup section */
		11A0711E1DBEBCC000BEDFE2 = {
			isa = PBXGroup;
			children = (
				11A071291DBEBCC000BEDFE2 /* Proj Insight */,
				11A071281DBEBCC000BEDFE2 /* Products */,
			);
			sourceTree = "<group>";
		};
		11A071281DBEBCC000BEDFE2 /* Products */ = {
			isa = PBXGroup;
			children = (
				11A071271DBEBCC000BEDFE2 /* Proj Insight.app */,
			);
			name = Products;
			sourceTree = "<group>";
		};
		11A071291DBEBCC000BEDFE2 /* Proj Insight */ = {
			isa = PBXGroup;
			children = (
				37486E851DCD26B000832935 /* TermsConditionsBuilder.swift */,
				376114D11DC191C600493C51 /* ResearchKit.xcodeproj */,
				11A0712A1DBEBCC000BEDFE2 /* AppDelegate.swift */,
				11A0712C1DBEBCC000BEDFE2 /* ViewController.swift */,
				11A0712E1DBEBCC000BEDFE2 /* Main.storyboard */,
				11A071421DBED5C900BEDFE2 /* myStudiesTableViewCell.swift */,
				11A0713C1DBEC02E00BEDFE2 /* ListStudiesTableViewController.swift */,
				11A0713E1DBEC60800BEDFE2 /* AllStudiesTableViewCell.swift */,
				11A071441DBED6B700BEDFE2 /* myStudiesTableViewController.swift */,
				11A071311DBEBCC000BEDFE2 /* Assets.xcassets */,
				11A071331DBEBCC000BEDFE2 /* LaunchScreen.storyboard */,
				11A071361DBEBCC000BEDFE2 /* Info.plist */,
				11A071401DBEC74F00BEDFE2 /* Study.swift */,
				11A071491DC0626100BEDFE2 /* Icon Images */,
			);
			path = "Proj Insight";
			sourceTree = "<group>";
		};
		11A071491DC0626100BEDFE2 /* Icon Images */ = {
			isa = PBXGroup;
			children = (
				1125BCB71DC065A700B4687B /* clipBoardIcon.png */,
				1125BCB81DC065A700B4687B /* editIcon.png */,
				1125BCB91DC065A700B4687B /* analyzeIcon.png */,
			);
			name = "Icon Images";
			sourceTree = "<group>";
		};
		376114D21DC191C600493C51 /* Products */ = {
			isa = PBXGroup;
			children = (
				376114D81DC191C600493C51 /* ResearchKit.framework */,
				376114DA1DC191C600493C51 /* ResearchKitTests.xctest */,
			);
			name = Products;
			sourceTree = "<group>";
		};
/* End PBXGroup section */

/* Begin PBXNativeTarget section */
		11A071261DBEBCC000BEDFE2 /* Proj Insight */ = {
			isa = PBXNativeTarget;
			buildConfigurationList = 11A071391DBEBCC000BEDFE2 /* Build configuration list for PBXNativeTarget "Proj Insight" */;
			buildPhases = (
				11A071231DBEBCC000BEDFE2 /* Sources */,
				11A071241DBEBCC000BEDFE2 /* Frameworks */,
				11A071251DBEBCC000BEDFE2 /* Resources */,
				376114DF1DC191EF00493C51 /* Embed Frameworks */,
			);
			buildRules = (
			);
			dependencies = (
				376114DE1DC191EF00493C51 /* PBXTargetDependency */,
			);
			name = "Proj Insight";
			productName = "Proj Insight";
			productReference = 11A071271DBEBCC000BEDFE2 /* Proj Insight.app */;
			productType = "com.apple.product-type.application";
		};
/* End PBXNativeTarget section */

/* Begin PBXProject section */
		11A0711F1DBEBCC000BEDFE2 /* Project object */ = {
			isa = PBXProject;
			attributes = {
				LastSwiftUpdateCheck = 0800;
				LastUpgradeCheck = 0800;
				ORGANIZATIONNAME = "Mackenzie Kary";
				TargetAttributes = {
					11A071261DBEBCC000BEDFE2 = {
						CreatedOnToolsVersion = 8.0;
						ProvisioningStyle = Automatic;
					};
				};
			};
			buildConfigurationList = 11A071221DBEBCC000BEDFE2 /* Build configuration list for PBXProject "Proj Insight" */;
			compatibilityVersion = "Xcode 3.2";
			developmentRegion = English;
			hasScannedForEncodings = 0;
			knownRegions = (
				en,
				Base,
			);
			mainGroup = 11A0711E1DBEBCC000BEDFE2;
			productRefGroup = 11A071281DBEBCC000BEDFE2 /* Products */;
			projectDirPath = "";
			projectReferences = (
				{
					ProductGroup = 376114D21DC191C600493C51 /* Products */;
					ProjectRef = 376114D11DC191C600493C51 /* ResearchKit.xcodeproj */;
				},
			);
			projectRoot = "";
			targets = (
				11A071261DBEBCC000BEDFE2 /* Proj Insight */,
			);
		};
/* End PBXProject section */

/* Begin PBXReferenceProxy section */
		376114D81DC191C600493C51 /* ResearchKit.framework */ = {
			isa = PBXReferenceProxy;
			fileType = wrapper.framework;
			path = ResearchKit.framework;
			remoteRef = 376114D71DC191C600493C51 /* PBXContainerItemProxy */;
			sourceTree = BUILT_PRODUCTS_DIR;
		};
		376114DA1DC191C600493C51 /* ResearchKitTests.xctest */ = {
			isa = PBXReferenceProxy;
			fileType = wrapper.cfbundle;
			path = ResearchKitTests.xctest;
			remoteRef = 376114D91DC191C600493C51 /* PBXContainerItemProxy */;
			sourceTree = BUILT_PRODUCTS_DIR;
		};
/* End PBXReferenceProxy section */

/* Begin PBXResourcesBuildPhase section */
		11A071251DBEBCC000BEDFE2 /* Resources */ = {
			isa = PBXResourcesBuildPhase;
			buildActionMask = 2147483647;
			files = (
				1125BCBC1DC065A700B4687B /* analyzeIcon.png in Resources */,
				11A071351DBEBCC000BEDFE2 /* LaunchScreen.storyboard in Resources */,
				11A071321DBEBCC000BEDFE2 /* Assets.xcassets in Resources */,
				11A071301DBEBCC000BEDFE2 /* Main.storyboard in Resources */,
				1125BCBB1DC065A700B4687B /* editIcon.png in Resources */,
				1125BCBA1DC065A700B4687B /* clipBoardIcon.png in Resources */,
			);
			runOnlyForDeploymentPostprocessing = 0;
		};
/* End PBXResourcesBuildPhase section */

/* Begin PBXSourcesBuildPhase section */
		11A071231DBEBCC000BEDFE2 /* Sources */ = {
			isa = PBXSourcesBuildPhase;
			buildActionMask = 2147483647;
			files = (
				11A071411DBEC74F00BEDFE2 /* Study.swift in Sources */,
				11A0712D1DBEBCC000BEDFE2 /* ViewController.swift in Sources */,
				11A0713F1DBEC60800BEDFE2 /* AllStudiesTableViewCell.swift in Sources */,
				37486E861DCD26B000832935 /* TermsConditionsBuilder.swift in Sources */,
				11A071431DBED5C900BEDFE2 /* myStudiesTableViewCell.swift in Sources */,
				11A071451DBED6B700BEDFE2 /* myStudiesTableViewController.swift in Sources */,
				11A0713D1DBEC02E00BEDFE2 /* ListStudiesTableViewController.swift in Sources */,
				11A0712B1DBEBCC000BEDFE2 /* AppDelegate.swift in Sources */,
			);
			runOnlyForDeploymentPostprocessing = 0;
		};
/* End PBXSourcesBuildPhase section */

/* Begin PBXTargetDependency section */
		376114DE1DC191EF00493C51 /* PBXTargetDependency */ = {
			isa = PBXTargetDependency;
			name = ResearchKit;
			targetProxy = 376114DD1DC191EF00493C51 /* PBXContainerItemProxy */;
		};
/* End PBXTargetDependency section */

/* Begin PBXVariantGroup section */
		11A0712E1DBEBCC000BEDFE2 /* Main.storyboard */ = {
			isa = PBXVariantGroup;
			children = (
				11A0712F1DBEBCC000BEDFE2 /* Base */,
			);
			name = Main.storyboard;
			sourceTree = "<group>";
		};
		11A071331DBEBCC000BEDFE2 /* LaunchScreen.storyboard */ = {
			isa = PBXVariantGroup;
			children = (
				11A071341DBEBCC000BEDFE2 /* Base */,
			);
			name = LaunchScreen.storyboard;
			sourceTree = "<group>";
		};
/* End PBXVariantGroup section */

/* Begin XCBuildConfiguration section */
		11A071371DBEBCC000BEDFE2 /* Debug */ = {
			isa = XCBuildConfiguration;
			buildSettings = {
				ALWAYS_SEARCH_USER_PATHS = NO;
				CLANG_ANALYZER_NONNULL = YES;
				CLANG_CXX_LANGUAGE_STANDARD = "gnu++0x";
				CLANG_CXX_LIBRARY = "libc++";
				CLANG_ENABLE_MODULES = YES;
				CLANG_ENABLE_OBJC_ARC = YES;
				CLANG_WARN_BOOL_CONVERSION = YES;
				CLANG_WARN_CONSTANT_CONVERSION = YES;
				CLANG_WARN_DIRECT_OBJC_ISA_USAGE = YES_ERROR;
				CLANG_WARN_DOCUMENTATION_COMMENTS = YES;
				CLANG_WARN_EMPTY_BODY = YES;
				CLANG_WARN_ENUM_CONVERSION = YES;
				CLANG_WARN_INFINITE_RECURSION = YES;
				CLANG_WARN_INT_CONVERSION = YES;
				CLANG_WARN_OBJC_ROOT_CLASS = YES_ERROR;
				CLANG_WARN_SUSPICIOUS_MOVES = YES;
				CLANG_WARN_UNREACHABLE_CODE = YES;
				CLANG_WARN__DUPLICATE_METHOD_MATCH = YES;
				"CODE_SIGN_IDENTITY[sdk=iphoneos*]" = "iPhone Developer";
				COPY_PHASE_STRIP = NO;
				DEBUG_INFORMATION_FORMAT = dwarf;
				ENABLE_STRICT_OBJC_MSGSEND = YES;
				ENABLE_TESTABILITY = YES;
				GCC_C_LANGUAGE_STANDARD = gnu99;
				GCC_DYNAMIC_NO_PIC = NO;
				GCC_NO_COMMON_BLOCKS = YES;
				GCC_OPTIMIZATION_LEVEL = 0;
				GCC_PREPROCESSOR_DEFINITIONS = (
					"DEBUG=1",
					"$(inherited)",
				);
				GCC_WARN_64_TO_32_BIT_CONVERSION = YES;
				GCC_WARN_ABOUT_RETURN_TYPE = YES_ERROR;
				GCC_WARN_UNDECLARED_SELECTOR = YES;
				GCC_WARN_UNINITIALIZED_AUTOS = YES_AGGRESSIVE;
				GCC_WARN_UNUSED_FUNCTION = YES;
				GCC_WARN_UNUSED_VARIABLE = YES;
				IPHONEOS_DEPLOYMENT_TARGET = 10.0;
				MTL_ENABLE_DEBUG_INFO = YES;
				ONLY_ACTIVE_ARCH = YES;
				SDKROOT = iphoneos;
				SWIFT_ACTIVE_COMPILATION_CONDITIONS = DEBUG;
				SWIFT_OPTIMIZATION_LEVEL = "-Onone";
			};
			name = Debug;
		};
		11A071381DBEBCC000BEDFE2 /* Release */ = {
			isa = XCBuildConfiguration;
			buildSettings = {
				ALWAYS_SEARCH_USER_PATHS = NO;
				CLANG_ANALYZER_NONNULL = YES;
				CLANG_CXX_LANGUAGE_STANDARD = "gnu++0x";
				CLANG_CXX_LIBRARY = "libc++";
				CLANG_ENABLE_MODULES = YES;
				CLANG_ENABLE_OBJC_ARC = YES;
				CLANG_WARN_BOOL_CONVERSION = YES;
				CLANG_WARN_CONSTANT_CONVERSION = YES;
				CLANG_WARN_DIRECT_OBJC_ISA_USAGE = YES_ERROR;
				CLANG_WARN_DOCUMENTATION_COMMENTS = YES;
				CLANG_WARN_EMPTY_BODY = YES;
				CLANG_WARN_ENUM_CONVERSION = YES;
				CLANG_WARN_INFINITE_RECURSION = YES;
				CLANG_WARN_INT_CONVERSION = YES;
				CLANG_WARN_OBJC_ROOT_CLASS = YES_ERROR;
				CLANG_WARN_SUSPICIOUS_MOVES = YES;
				CLANG_WARN_UNREACHABLE_CODE = YES;
				CLANG_WARN__DUPLICATE_METHOD_MATCH = YES;
				"CODE_SIGN_IDENTITY[sdk=iphoneos*]" = "iPhone Developer";
				COPY_PHASE_STRIP = NO;
				DEBUG_INFORMATION_FORMAT = "dwarf-with-dsym";
				ENABLE_NS_ASSERTIONS = NO;
				ENABLE_STRICT_OBJC_MSGSEND = YES;
				GCC_C_LANGUAGE_STANDARD = gnu99;
				GCC_NO_COMMON_BLOCKS = YES;
				GCC_WARN_64_TO_32_BIT_CONVERSION = YES;
				GCC_WARN_ABOUT_RETURN_TYPE = YES_ERROR;
				GCC_WARN_UNDECLARED_SELECTOR = YES;
				GCC_WARN_UNINITIALIZED_AUTOS = YES_AGGRESSIVE;
				GCC_WARN_UNUSED_FUNCTION = YES;
				GCC_WARN_UNUSED_VARIABLE = YES;
				IPHONEOS_DEPLOYMENT_TARGET = 10.0;
				MTL_ENABLE_DEBUG_INFO = NO;
				SDKROOT = iphoneos;
				SWIFT_OPTIMIZATION_LEVEL = "-Owholemodule";
				VALIDATE_PRODUCT = YES;
			};
			name = Release;
		};
		11A0713A1DBEBCC000BEDFE2 /* Debug */ = {
			isa = XCBuildConfiguration;
			buildSettings = {
				ALWAYS_EMBED_SWIFT_STANDARD_LIBRARIES = YES;
				ASSETCATALOG_COMPILER_APPICON_NAME = AppIcon;
				INFOPLIST_FILE = "Proj Insight/Info.plist";
				LD_RUNPATH_SEARCH_PATHS = "$(inherited) @executable_path/Frameworks";
				PRODUCT_BUNDLE_IDENTIFIER = "ProjectInsight.Proj-Insight";
				PRODUCT_NAME = "$(TARGET_NAME)";
				SWIFT_VERSION = 3.0;
			};
			name = Debug;
		};
		11A0713B1DBEBCC000BEDFE2 /* Release */ = {
			isa = XCBuildConfiguration;
			buildSettings = {
				ALWAYS_EMBED_SWIFT_STANDARD_LIBRARIES = YES;
				ASSETCATALOG_COMPILER_APPICON_NAME = AppIcon;
				INFOPLIST_FILE = "Proj Insight/Info.plist";
				LD_RUNPATH_SEARCH_PATHS = "$(inherited) @executable_path/Frameworks";
				PRODUCT_BUNDLE_IDENTIFIER = "ProjectInsight.Proj-Insight";
				PRODUCT_NAME = "$(TARGET_NAME)";
				SWIFT_VERSION = 3.0;
			};
			name = Release;
		};
/* End XCBuildConfiguration section */

/* Begin XCConfigurationList section */
		11A071221DBEBCC000BEDFE2 /* Build configuration list for PBXProject "Proj Insight" */ = {
			isa = XCConfigurationList;
			buildConfigurations = (
				11A071371DBEBCC000BEDFE2 /* Debug */,
				11A071381DBEBCC000BEDFE2 /* Release */,
			);
			defaultConfigurationIsVisible = 0;
			defaultConfigurationName = Release;
		};
		11A071391DBEBCC000BEDFE2 /* Build configuration list for PBXNativeTarget "Proj Insight" */ = {
			isa = XCConfigurationList;
			buildConfigurations = (
				11A0713A1DBEBCC000BEDFE2 /* Debug */,
				11A0713B1DBEBCC000BEDFE2 /* Release */,
			);
			defaultConfigurationIsVisible = 0;
			defaultConfigurationName = Release;
		};
/* End XCConfigurationList section */
	};
	rootObject = 11A0711F1DBEBCC000BEDFE2 /* Project object */;
}
